
Microsoft Visual Studio Solution File, Format Version 12.00
# Visual Studio Version 16
VisualStudioVersion = 16.0.30011.22
MinimumVisualStudioVersion = 10.0.40219.1
Project("{FAE04EC0-301F-11D3-BF4B-00C04F79EFBC}") = "DataAccess", "DataAccess\DataAccess.csproj", "{708B5EC6-9608-4651-A29D-3E925D1D0D76}"
EndProject
Project("{FAE04EC0-301F-11D3-BF4B-00C04F79EFBC}") = "Business", "Business\Business.csproj", "{03CEE724-EC0A-48AE-8EE8-77CAD6E33689}"
EndProject
Project("{FAE04EC0-301F-11D3-BF4B-00C04F79EFBC}") = "Entities", "Entities\Entities.csproj", "{7EE9B177-B3EA-4540-AAD2-D9352A93D3BC}"
EndProject
Project("{FAE04EC0-301F-11D3-BF4B-00C04F79EFBC}") = "WebAPI", "WebAPI\WebAPI.csproj", "{A99942A5-7774-4563-AD03-CF111D437705}"
EndProject
Project("{FAE04EC0-301F-11D3-BF4B-00C04F79EFBC}") = "Core", "Core\Core.csproj", "{AA7AD588-6C0D-4D94-B7BA-77F691AD7D41}"
EndProject
Global
	GlobalSection(SolutionConfigurationPlatforms) = preSolution
		Debug|Any CPU = Debug|Any CPU
		Release|Any CPU = Release|Any CPU
	EndGlobalSection
	GlobalSection(ProjectConfigurationPlatforms) = postSolution
		{708B5EC6-9608-4651-A29D-3E925D1D0D76}.Debug|Any CPU.ActiveCfg = Debug|Any CPU
		{708B5EC6-9608-4651-A29D-3E925D1D0D76}.Debug|Any CPU.Build.0 = Debug|Any CPU
		{708B5EC6-9608-4651-A29D-3E925D1D0D76}.Release|Any CPU.ActiveCfg = Release|Any CPU
		{708B5EC6-9608-4651-A29D-3E925D1D0D76}.Release|Any CPU.Build.0 = Release|Any CPU
		{03CEE724-EC0A-48AE-8EE8-77CAD6E33689}.Debug|Any CPU.ActiveCfg = Debug|Any CPU
		{03CEE724-EC0A-48AE-8EE8-77CAD6E33689}.Debug|Any CPU.Build.0 = Debug|Any CPU
		{03CEE724-EC0A-48AE-8EE8-77CAD6E33689}.Release|Any CPU.ActiveCfg = Release|Any CPU
		{03CEE724-EC0A-48AE-8EE8-77CAD6E33689}.Release|Any CPU.Build.0 = Release|Any CPU
		{7EE9B177-B3EA-4540-AAD2-D9352A93D3BC}.Debug|Any CPU.ActiveCfg = Debug|Any CPU
		{7EE9B177-B3EA-4540-AAD2-D9352A93D3BC}.Debug|Any CPU.Build.0 = Debug|Any CPU
		{7EE9B177-B3EA-4540-AAD2-D9352A93D3BC}.Release|Any CPU.ActiveCfg = Release|Any CPU
		{7EE9B177-B3EA-4540-AAD2-D9352A93D3BC}.Release|Any CPU.Build.0 = Release|Any CPU
		{A99942A5-7774-4563-AD03-CF111D437705}.Debug|Any CPU.ActiveCfg = Debug|Any CPU
		{A99942A5-7774-4563-AD03-CF111D437705}.Debug|Any CPU.Build.0 = Debug|Any CPU
		{A99942A5-7774-4563-AD03-CF111D437705}.Release|Any CPU.ActiveCfg = Release|Any CPU
		{A99942A5-7774-4563-AD03-CF111D437705}.Release|Any CPU.Build.0 = Release|Any CPU
		{AA7AD588-6C0D-4D94-B7BA-77F691AD7D41}.Debug|Any CPU.ActiveCfg = Debug|Any CPU
		{AA7AD588-6C0D-4D94-B7BA-77F691AD7D41}.Debug|Any CPU.Build.0 = Debug|Any CPU
		{AA7AD588-6C0D-4D94-B7BA-77F691AD7D41}.Release|Any CPU.ActiveCfg = Release|Any CPU
		{AA7AD588-6C0D-4D94-B7BA-77F691AD7D41}.Release|Any CPU.Build.0 = Release|Any CPU
	EndGlobalSection
	GlobalSection(SolutionProperties) = preSolution
		HideSolutionNode = FALSE
	EndGlobalSection
	GlobalSection(ExtensibilityGlobals) = postSolution
		SolutionGuid = {03A7CDA2-11A5-4EEE-A668-CC71EC22FA9E}
	EndGlobalSection
EndGlobal
